
Microsoft Visual Studio Solution File, Format Version 12.00
# Visual Studio 15
VisualStudioVersion = 15.0.27004.2010
MinimumVisualStudioVersion = 10.0.40219.1
Project("{FAE04EC0-301F-11D3-BF4B-00C04F79EFBC}") = "LogoFX.Client.Mvvm.ViewModel.Extensions.Platform.NET45.Tests", "LogoFX.Client.Mvvm.ViewModel.Extensions.Tests\LogoFX.Client.Mvvm.ViewModel.Extensions.Platform.NET45.Tests.csproj", "{87F99EDC-3500-4710-8AE7-3ADE9F4AAC8B}"
EndProject
Project("{FAE04EC0-301F-11D3-BF4B-00C04F79EFBC}") = "LogoFX.Client.Mvvm.ViewModel.Services.Platform.NET45", "LogoFX.Client.Mvvm.ViewModel.Services.Platform\net45\LogoFX.Client.Mvvm.ViewModel.Services.Platform.NET45.csproj", "{EF9F60DB-C87B-448B-A6BD-ACB13DF51C94}"
EndProject
Project("{FAE04EC0-301F-11D3-BF4B-00C04F79EFBC}") = "LogoFX.Client.Mvvm.ViewModel.Services.Platform.UWP", "LogoFX.Client.Mvvm.ViewModel.Services.Platform\uwp\LogoFX.Client.Mvvm.ViewModel.Services.Platform.UWP.csproj", "{8FC658E5-3ACD-4297-907A-BEAFC031865B}"
EndProject
Project("{2150E333-8FDC-42A3-9474-1A3956D46DE8}") = "Extensions", "Extensions", "{4020C2D3-429B-4C64-A0CB-D830DCAB2FCB}"
EndProject
Project("{FAE04EC0-301F-11D3-BF4B-00C04F79EFBC}") = "LogoFX.Client.Mvvm.ViewModel.Extensions.Platform.NET45", "LogoFX.Client.Mvvm.ViewModel.Extensions.Platform\net45\LogoFX.Client.Mvvm.ViewModel.Extensions.Platform.NET45.csproj", "{F7E89E24-85A4-4B72-B726-AF623A039E3D}"
EndProject
Project("{2150E333-8FDC-42A3-9474-1A3956D46DE8}") = "Services", "Services", "{8D9B8E75-4022-469F-BC09-B7A47E8DBA70}"
EndProject
Project("{2150E333-8FDC-42A3-9474-1A3956D46DE8}") = "Shared", "Shared", "{2680E284-6575-4497-BE0D-24780F67D772}"
EndProject
Project("{FAE04EC0-301F-11D3-BF4B-00C04F79EFBC}") = "LogoFX.Client.Mvvm.ViewModel.Extensions.Platform.UWP", "LogoFX.Client.Mvvm.ViewModel.Extensions.Platform\uwp\LogoFX.Client.Mvvm.ViewModel.Extensions.Platform.UWP.csproj", "{9FB1A920-4022-45A2-80DC-3C0A42A2C4AB}"
EndProject
Project("{FAE04EC0-301F-11D3-BF4B-00C04F79EFBC}") = "LogoFX.Client.Mvvm.ViewModel.Extensions.NET45", "LogoFX.Client.Mvvm.ViewModel.Extensions\net45\LogoFX.Client.Mvvm.ViewModel.Extensions.NET45.csproj", "{1B2EC639-365C-4AA1-8151-DED87A8B6113}"
EndProject
Project("{FAE04EC0-301F-11D3-BF4B-00C04F79EFBC}") = "LogoFX.Client.Mvvm.ViewModel.Extensions.UWP", "LogoFX.Client.Mvvm.ViewModel.Extensions\uwp\LogoFX.Client.Mvvm.ViewModel.Extensions.UWP.csproj", "{719BFD04-640F-4044-BDDF-A6D7C1A17F46}"
EndProject
Project("{FAE04EC0-301F-11D3-BF4B-00C04F79EFBC}") = "LogoFX.Client.Mvvm.ViewModel.Shared.NET45", "LogoFX.Client.Mvvm.ViewModel.Shared\net45\LogoFX.Client.Mvvm.ViewModel.Shared.NET45.csproj", "{35FA1912-11FA-4BA3-93AD-99382EA08C1A}"
EndProject
Project("{9A19103F-16F7-4668-BE54-9A1E7A4F7556}") = "LogoFX.Client.Mvvm.ViewModel.Shared.NETStandard13", "LogoFX.Client.Mvvm.ViewModel.Shared\netstandard1.3\LogoFX.Client.Mvvm.ViewModel.Shared.NETStandard13.csproj", "{34257B4D-DD6F-451F-B137-E869F800A552}"
EndProject
Project("{FAE04EC0-301F-11D3-BF4B-00C04F79EFBC}") = "LogoFX.Client.Mvvm.ViewModel.Services.Middleware.NET45", "LogoFX.Client.Mvvm.ViewModel.Services.Middleware\net45\LogoFX.Client.Mvvm.ViewModel.Services.Middleware.NET45.csproj", "{0B833398-AEE4-4D8F-8D40-0E259C97A5AF}"
EndProject
Project("{FAE04EC0-301F-11D3-BF4B-00C04F79EFBC}") = "LogoFX.Client.Mvvm.ViewModel.Services.NET45", "LogoFX.Client.Mvvm.ViewModel.Services\net45\LogoFX.Client.Mvvm.ViewModel.Services.NET45.csproj", "{9820486A-1746-4282-B0AA-69C7A0481E9B}"
EndProject
Project("{9A19103F-16F7-4668-BE54-9A1E7A4F7556}") = "LogoFX.Client.Mvvm.ViewModel.Services.NETStandard13", "LogoFX.Client.Mvvm.ViewModel.Services\netstandard1.3\LogoFX.Client.Mvvm.ViewModel.Services.NETStandard13.csproj", "{1640B7BD-FAED-4781-B24D-BF69E7AFB28E}"
EndProject
Project("{9A19103F-16F7-4668-BE54-9A1E7A4F7556}") = "LogoFX.Client.Mvvm.ViewModel.Services.Middleware.NETStandard13", "LogoFX.Client.Mvvm.ViewModel.Services.Middleware\netstandard13\LogoFX.Client.Mvvm.ViewModel.Services.Middleware.NETStandard13.csproj", "{EE1FA002-A99C-46F4-8A0A-21367104F1BF}"
EndProject
Project("{9A19103F-16F7-4668-BE54-9A1E7A4F7556}") = "LogoFX.Client.Mvvm.ViewModel.Shared.NETStandard20", "LogoFX.Client.Mvvm.ViewModel.Shared\netstandard2.0\LogoFX.Client.Mvvm.ViewModel.Shared.NETStandard20.csproj", "{A66D81BD-6E86-4FB5-A185-CEA16C26AEC1}"
EndProject
Project("{9A19103F-16F7-4668-BE54-9A1E7A4F7556}") = "LogoFX.Client.Mvvm.ViewModel.Services.NETStandard20", "LogoFX.Client.Mvvm.ViewModel.Services\netstandard2.0\LogoFX.Client.Mvvm.ViewModel.Services.NETStandard20.csproj", "{650E02AA-960F-4082-972F-DB1CC7209A3F}"
EndProject
Project("{9A19103F-16F7-4668-BE54-9A1E7A4F7556}") = "LogoFX.Client.Mvvm.ViewModel.Services.Middleware.NETStandard20", "LogoFX.Client.Mvvm.ViewModel.Services.Middleware\netstandard2.0\LogoFX.Client.Mvvm.ViewModel.Services.Middleware.NETStandard20.csproj", "{FE4714D8-4A1E-4EA6-B461-C40EDBC12A60}"
EndProject
Global
	GlobalSection(SolutionConfigurationPlatforms) = preSolution
		Debug|Any CPU = Debug|Any CPU
		Debug|ARM = Debug|ARM
		Debug|x64 = Debug|x64
		Debug|x86 = Debug|x86
		Release|Any CPU = Release|Any CPU
		Release|ARM = Release|ARM
		Release|x64 = Release|x64
		Release|x86 = Release|x86
	EndGlobalSection
	GlobalSection(ProjectConfigurationPlatforms) = postSolution
		{87F99EDC-3500-4710-8AE7-3ADE9F4AAC8B}.Debug|Any CPU.ActiveCfg = Debug|Any CPU
		{87F99EDC-3500-4710-8AE7-3ADE9F4AAC8B}.Debug|Any CPU.Build.0 = Debug|Any CPU
		{87F99EDC-3500-4710-8AE7-3ADE9F4AAC8B}.Debug|ARM.ActiveCfg = Debug|Any CPU
		{87F99EDC-3500-4710-8AE7-3ADE9F4AAC8B}.Debug|ARM.Build.0 = Debug|Any CPU
		{87F99EDC-3500-4710-8AE7-3ADE9F4AAC8B}.Debug|x64.ActiveCfg = Debug|Any CPU
		{87F99EDC-3500-4710-8AE7-3ADE9F4AAC8B}.Debug|x64.Build.0 = Debug|Any CPU
		{87F99EDC-3500-4710-8AE7-3ADE9F4AAC8B}.Debug|x86.ActiveCfg = Debug|Any CPU
		{87F99EDC-3500-4710-8AE7-3ADE9F4AAC8B}.Debug|x86.Build.0 = Debug|Any CPU
		{87F99EDC-3500-4710-8AE7-3ADE9F4AAC8B}.Release|Any CPU.ActiveCfg = Release|Any CPU
		{87F99EDC-3500-4710-8AE7-3ADE9F4AAC8B}.Release|Any CPU.Build.0 = Release|Any CPU
		{87F99EDC-3500-4710-8AE7-3ADE9F4AAC8B}.Release|ARM.ActiveCfg = Release|Any CPU
		{87F99EDC-3500-4710-8AE7-3ADE9F4AAC8B}.Release|ARM.Build.0 = Release|Any CPU
		{87F99EDC-3500-4710-8AE7-3ADE9F4AAC8B}.Release|x64.ActiveCfg = Release|Any CPU
		{87F99EDC-3500-4710-8AE7-3ADE9F4AAC8B}.Release|x64.Build.0 = Release|Any CPU
		{87F99EDC-3500-4710-8AE7-3ADE9F4AAC8B}.Release|x86.ActiveCfg = Release|Any CPU
		{87F99EDC-3500-4710-8AE7-3ADE9F4AAC8B}.Release|x86.Build.0 = Release|Any CPU
		{EF9F60DB-C87B-448B-A6BD-ACB13DF51C94}.Debug|Any CPU.ActiveCfg = Debug|Any CPU
		{EF9F60DB-C87B-448B-A6BD-ACB13DF51C94}.Debug|Any CPU.Build.0 = Debug|Any CPU
		{EF9F60DB-C87B-448B-A6BD-ACB13DF51C94}.Debug|ARM.ActiveCfg = Debug|Any CPU
		{EF9F60DB-C87B-448B-A6BD-ACB13DF51C94}.Debug|ARM.Build.0 = Debug|Any CPU
		{EF9F60DB-C87B-448B-A6BD-ACB13DF51C94}.Debug|x64.ActiveCfg = Debug|Any CPU
		{EF9F60DB-C87B-448B-A6BD-ACB13DF51C94}.Debug|x64.Build.0 = Debug|Any CPU
		{EF9F60DB-C87B-448B-A6BD-ACB13DF51C94}.Debug|x86.ActiveCfg = Debug|Any CPU
		{EF9F60DB-C87B-448B-A6BD-ACB13DF51C94}.Debug|x86.Build.0 = Debug|Any CPU
		{EF9F60DB-C87B-448B-A6BD-ACB13DF51C94}.Release|Any CPU.ActiveCfg = Release|Any CPU
		{EF9F60DB-C87B-448B-A6BD-ACB13DF51C94}.Release|Any CPU.Build.0 = Release|Any CPU
		{EF9F60DB-C87B-448B-A6BD-ACB13DF51C94}.Release|ARM.ActiveCfg = Release|Any CPU
		{EF9F60DB-C87B-448B-A6BD-ACB13DF51C94}.Release|ARM.Build.0 = Release|Any CPU
		{EF9F60DB-C87B-448B-A6BD-ACB13DF51C94}.Release|x64.ActiveCfg = Release|Any CPU
		{EF9F60DB-C87B-448B-A6BD-ACB13DF51C94}.Release|x64.Build.0 = Release|Any CPU
		{EF9F60DB-C87B-448B-A6BD-ACB13DF51C94}.Release|x86.ActiveCfg = Release|Any CPU
		{EF9F60DB-C87B-448B-A6BD-ACB13DF51C94}.Release|x86.Build.0 = Release|Any CPU
		{8FC658E5-3ACD-4297-907A-BEAFC031865B}.Debug|Any CPU.ActiveCfg = Debug|Any CPU
		{8FC658E5-3ACD-4297-907A-BEAFC031865B}.Debug|Any CPU.Build.0 = Debug|Any CPU
		{8FC658E5-3ACD-4297-907A-BEAFC031865B}.Debug|ARM.ActiveCfg = Debug|ARM
		{8FC658E5-3ACD-4297-907A-BEAFC031865B}.Debug|ARM.Build.0 = Debug|ARM
		{8FC658E5-3ACD-4297-907A-BEAFC031865B}.Debug|x64.ActiveCfg = Debug|x64
		{8FC658E5-3ACD-4297-907A-BEAFC031865B}.Debug|x64.Build.0 = Debug|x64
		{8FC658E5-3ACD-4297-907A-BEAFC031865B}.Debug|x86.ActiveCfg = Debug|x86
		{8FC658E5-3ACD-4297-907A-BEAFC031865B}.Debug|x86.Build.0 = Debug|x86
		{8FC658E5-3ACD-4297-907A-BEAFC031865B}.Release|Any CPU.ActiveCfg = Release|Any CPU
		{8FC658E5-3ACD-4297-907A-BEAFC031865B}.Release|Any CPU.Build.0 = Release|Any CPU
		{8FC658E5-3ACD-4297-907A-BEAFC031865B}.Release|ARM.ActiveCfg = Release|ARM
		{8FC658E5-3ACD-4297-907A-BEAFC031865B}.Release|ARM.Build.0 = Release|ARM
		{8FC658E5-3ACD-4297-907A-BEAFC031865B}.Release|x64.ActiveCfg = Release|x64
		{8FC658E5-3ACD-4297-907A-BEAFC031865B}.Release|x64.Build.0 = Release|x64
		{8FC658E5-3ACD-4297-907A-BEAFC031865B}.Release|x86.ActiveCfg = Release|x86
		{8FC658E5-3ACD-4297-907A-BEAFC031865B}.Release|x86.Build.0 = Release|x86
		{F7E89E24-85A4-4B72-B726-AF623A039E3D}.Debug|Any CPU.ActiveCfg = Debug|Any CPU
		{F7E89E24-85A4-4B72-B726-AF623A039E3D}.Debug|Any CPU.Build.0 = Debug|Any CPU
		{F7E89E24-85A4-4B72-B726-AF623A039E3D}.Debug|ARM.ActiveCfg = Debug|Any CPU
		{F7E89E24-85A4-4B72-B726-AF623A039E3D}.Debug|ARM.Build.0 = Debug|Any CPU
		{F7E89E24-85A4-4B72-B726-AF623A039E3D}.Debug|x64.ActiveCfg = Debug|Any CPU
		{F7E89E24-85A4-4B72-B726-AF623A039E3D}.Debug|x64.Build.0 = Debug|Any CPU
		{F7E89E24-85A4-4B72-B726-AF623A039E3D}.Debug|x86.ActiveCfg = Debug|Any CPU
		{F7E89E24-85A4-4B72-B726-AF623A039E3D}.Debug|x86.Build.0 = Debug|Any CPU
		{F7E89E24-85A4-4B72-B726-AF623A039E3D}.Release|Any CPU.ActiveCfg = Release|Any CPU
		{F7E89E24-85A4-4B72-B726-AF623A039E3D}.Release|Any CPU.Build.0 = Release|Any CPU
		{F7E89E24-85A4-4B72-B726-AF623A039E3D}.Release|ARM.ActiveCfg = Release|Any CPU
		{F7E89E24-85A4-4B72-B726-AF623A039E3D}.Release|ARM.Build.0 = Release|Any CPU
		{F7E89E24-85A4-4B72-B726-AF623A039E3D}.Release|x64.ActiveCfg = Release|Any CPU
		{F7E89E24-85A4-4B72-B726-AF623A039E3D}.Release|x64.Build.0 = Release|Any CPU
		{F7E89E24-85A4-4B72-B726-AF623A039E3D}.Release|x86.ActiveCfg = Release|Any CPU
		{F7E89E24-85A4-4B72-B726-AF623A039E3D}.Release|x86.Build.0 = Release|Any CPU
		{9FB1A920-4022-45A2-80DC-3C0A42A2C4AB}.Debug|Any CPU.ActiveCfg = Debug|Any CPU
		{9FB1A920-4022-45A2-80DC-3C0A42A2C4AB}.Debug|Any CPU.Build.0 = Debug|Any CPU
		{9FB1A920-4022-45A2-80DC-3C0A42A2C4AB}.Debug|ARM.ActiveCfg = Debug|ARM
		{9FB1A920-4022-45A2-80DC-3C0A42A2C4AB}.Debug|ARM.Build.0 = Debug|ARM
		{9FB1A920-4022-45A2-80DC-3C0A42A2C4AB}.Debug|x64.ActiveCfg = Debug|x64
		{9FB1A920-4022-45A2-80DC-3C0A42A2C4AB}.Debug|x64.Build.0 = Debug|x64
		{9FB1A920-4022-45A2-80DC-3C0A42A2C4AB}.Debug|x86.ActiveCfg = Debug|x86
		{9FB1A920-4022-45A2-80DC-3C0A42A2C4AB}.Debug|x86.Build.0 = Debug|x86
		{9FB1A920-4022-45A2-80DC-3C0A42A2C4AB}.Release|Any CPU.ActiveCfg = Release|Any CPU
		{9FB1A920-4022-45A2-80DC-3C0A42A2C4AB}.Release|Any CPU.Build.0 = Release|Any CPU
		{9FB1A920-4022-45A2-80DC-3C0A42A2C4AB}.Release|ARM.ActiveCfg = Release|ARM
		{9FB1A920-4022-45A2-80DC-3C0A42A2C4AB}.Release|ARM.Build.0 = Release|ARM
		{9FB1A920-4022-45A2-80DC-3C0A42A2C4AB}.Release|x64.ActiveCfg = Release|x64
		{9FB1A920-4022-45A2-80DC-3C0A42A2C4AB}.Release|x64.Build.0 = Release|x64
		{9FB1A920-4022-45A2-80DC-3C0A42A2C4AB}.Release|x86.ActiveCfg = Release|x86
		{9FB1A920-4022-45A2-80DC-3C0A42A2C4AB}.Release|x86.Build.0 = Release|x86
		{1B2EC639-365C-4AA1-8151-DED87A8B6113}.Debug|Any CPU.ActiveCfg = Debug|Any CPU
		{1B2EC639-365C-4AA1-8151-DED87A8B6113}.Debug|Any CPU.Build.0 = Debug|Any CPU
		{1B2EC639-365C-4AA1-8151-DED87A8B6113}.Debug|ARM.ActiveCfg = Debug|Any CPU
		{1B2EC639-365C-4AA1-8151-DED87A8B6113}.Debug|ARM.Build.0 = Debug|Any CPU
		{1B2EC639-365C-4AA1-8151-DED87A8B6113}.Debug|x64.ActiveCfg = Debug|Any CPU
		{1B2EC639-365C-4AA1-8151-DED87A8B6113}.Debug|x64.Build.0 = Debug|Any CPU
		{1B2EC639-365C-4AA1-8151-DED87A8B6113}.Debug|x86.ActiveCfg = Debug|Any CPU
		{1B2EC639-365C-4AA1-8151-DED87A8B6113}.Debug|x86.Build.0 = Debug|Any CPU
		{1B2EC639-365C-4AA1-8151-DED87A8B6113}.Release|Any CPU.ActiveCfg = Release|Any CPU
		{1B2EC639-365C-4AA1-8151-DED87A8B6113}.Release|Any CPU.Build.0 = Release|Any CPU
		{1B2EC639-365C-4AA1-8151-DED87A8B6113}.Release|ARM.ActiveCfg = Release|Any CPU
		{1B2EC639-365C-4AA1-8151-DED87A8B6113}.Release|ARM.Build.0 = Release|Any CPU
		{1B2EC639-365C-4AA1-8151-DED87A8B6113}.Release|x64.ActiveCfg = Release|Any CPU
		{1B2EC639-365C-4AA1-8151-DED87A8B6113}.Release|x64.Build.0 = Release|Any CPU
		{1B2EC639-365C-4AA1-8151-DED87A8B6113}.Release|x86.ActiveCfg = Release|Any CPU
		{1B2EC639-365C-4AA1-8151-DED87A8B6113}.Release|x86.Build.0 = Release|Any CPU
		{719BFD04-640F-4044-BDDF-A6D7C1A17F46}.Debug|Any CPU.ActiveCfg = Debug|Any CPU
		{719BFD04-640F-4044-BDDF-A6D7C1A17F46}.Debug|Any CPU.Build.0 = Debug|Any CPU
		{719BFD04-640F-4044-BDDF-A6D7C1A17F46}.Debug|ARM.ActiveCfg = Debug|ARM
		{719BFD04-640F-4044-BDDF-A6D7C1A17F46}.Debug|ARM.Build.0 = Debug|ARM
		{719BFD04-640F-4044-BDDF-A6D7C1A17F46}.Debug|x64.ActiveCfg = Debug|x64
		{719BFD04-640F-4044-BDDF-A6D7C1A17F46}.Debug|x64.Build.0 = Debug|x64
		{719BFD04-640F-4044-BDDF-A6D7C1A17F46}.Debug|x86.ActiveCfg = Debug|x86
		{719BFD04-640F-4044-BDDF-A6D7C1A17F46}.Debug|x86.Build.0 = Debug|x86
		{719BFD04-640F-4044-BDDF-A6D7C1A17F46}.Release|Any CPU.ActiveCfg = Release|Any CPU
		{719BFD04-640F-4044-BDDF-A6D7C1A17F46}.Release|Any CPU.Build.0 = Release|Any CPU
		{719BFD04-640F-4044-BDDF-A6D7C1A17F46}.Release|ARM.ActiveCfg = Release|ARM
		{719BFD04-640F-4044-BDDF-A6D7C1A17F46}.Release|ARM.Build.0 = Release|ARM
		{719BFD04-640F-4044-BDDF-A6D7C1A17F46}.Release|x64.ActiveCfg = Release|x64
		{719BFD04-640F-4044-BDDF-A6D7C1A17F46}.Release|x64.Build.0 = Release|x64
		{719BFD04-640F-4044-BDDF-A6D7C1A17F46}.Release|x86.ActiveCfg = Release|x86
		{719BFD04-640F-4044-BDDF-A6D7C1A17F46}.Release|x86.Build.0 = Release|x86
		{35FA1912-11FA-4BA3-93AD-99382EA08C1A}.Debug|Any CPU.ActiveCfg = Debug|Any CPU
		{35FA1912-11FA-4BA3-93AD-99382EA08C1A}.Debug|Any CPU.Build.0 = Debug|Any CPU
		{35FA1912-11FA-4BA3-93AD-99382EA08C1A}.Debug|ARM.ActiveCfg = Debug|Any CPU
		{35FA1912-11FA-4BA3-93AD-99382EA08C1A}.Debug|ARM.Build.0 = Debug|Any CPU
		{35FA1912-11FA-4BA3-93AD-99382EA08C1A}.Debug|x64.ActiveCfg = Debug|Any CPU
		{35FA1912-11FA-4BA3-93AD-99382EA08C1A}.Debug|x64.Build.0 = Debug|Any CPU
		{35FA1912-11FA-4BA3-93AD-99382EA08C1A}.Debug|x86.ActiveCfg = Debug|Any CPU
		{35FA1912-11FA-4BA3-93AD-99382EA08C1A}.Debug|x86.Build.0 = Debug|Any CPU
		{35FA1912-11FA-4BA3-93AD-99382EA08C1A}.Release|Any CPU.ActiveCfg = Release|Any CPU
		{35FA1912-11FA-4BA3-93AD-99382EA08C1A}.Release|Any CPU.Build.0 = Release|Any CPU
		{35FA1912-11FA-4BA3-93AD-99382EA08C1A}.Release|ARM.ActiveCfg = Release|Any CPU
		{35FA1912-11FA-4BA3-93AD-99382EA08C1A}.Release|ARM.Build.0 = Release|Any CPU
		{35FA1912-11FA-4BA3-93AD-99382EA08C1A}.Release|x64.ActiveCfg = Release|Any CPU
		{35FA1912-11FA-4BA3-93AD-99382EA08C1A}.Release|x64.Build.0 = Release|Any CPU
		{35FA1912-11FA-4BA3-93AD-99382EA08C1A}.Release|x86.ActiveCfg = Release|Any CPU
		{35FA1912-11FA-4BA3-93AD-99382EA08C1A}.Release|x86.Build.0 = Release|Any CPU
		{34257B4D-DD6F-451F-B137-E869F800A552}.Debug|Any CPU.ActiveCfg = Debug|Any CPU
		{34257B4D-DD6F-451F-B137-E869F800A552}.Debug|Any CPU.Build.0 = Debug|Any CPU
		{34257B4D-DD6F-451F-B137-E869F800A552}.Debug|ARM.ActiveCfg = Debug|Any CPU
		{34257B4D-DD6F-451F-B137-E869F800A552}.Debug|ARM.Build.0 = Debug|Any CPU
		{34257B4D-DD6F-451F-B137-E869F800A552}.Debug|x64.ActiveCfg = Debug|Any CPU
		{34257B4D-DD6F-451F-B137-E869F800A552}.Debug|x64.Build.0 = Debug|Any CPU
		{34257B4D-DD6F-451F-B137-E869F800A552}.Debug|x86.ActiveCfg = Debug|Any CPU
		{34257B4D-DD6F-451F-B137-E869F800A552}.Debug|x86.Build.0 = Debug|Any CPU
		{34257B4D-DD6F-451F-B137-E869F800A552}.Release|Any CPU.ActiveCfg = Release|Any CPU
		{34257B4D-DD6F-451F-B137-E869F800A552}.Release|Any CPU.Build.0 = Release|Any CPU
		{34257B4D-DD6F-451F-B137-E869F800A552}.Release|ARM.ActiveCfg = Release|Any CPU
		{34257B4D-DD6F-451F-B137-E869F800A552}.Release|ARM.Build.0 = Release|Any CPU
		{34257B4D-DD6F-451F-B137-E869F800A552}.Release|x64.ActiveCfg = Release|Any CPU
		{34257B4D-DD6F-451F-B137-E869F800A552}.Release|x64.Build.0 = Release|Any CPU
		{34257B4D-DD6F-451F-B137-E869F800A552}.Release|x86.ActiveCfg = Release|Any CPU
		{34257B4D-DD6F-451F-B137-E869F800A552}.Release|x86.Build.0 = Release|Any CPU
		{0B833398-AEE4-4D8F-8D40-0E259C97A5AF}.Debug|Any CPU.ActiveCfg = Debug|Any CPU
		{0B833398-AEE4-4D8F-8D40-0E259C97A5AF}.Debug|Any CPU.Build.0 = Debug|Any CPU
		{0B833398-AEE4-4D8F-8D40-0E259C97A5AF}.Debug|ARM.ActiveCfg = Debug|Any CPU
		{0B833398-AEE4-4D8F-8D40-0E259C97A5AF}.Debug|ARM.Build.0 = Debug|Any CPU
		{0B833398-AEE4-4D8F-8D40-0E259C97A5AF}.Debug|x64.ActiveCfg = Debug|Any CPU
		{0B833398-AEE4-4D8F-8D40-0E259C97A5AF}.Debug|x64.Build.0 = Debug|Any CPU
		{0B833398-AEE4-4D8F-8D40-0E259C97A5AF}.Debug|x86.ActiveCfg = Debug|Any CPU
		{0B833398-AEE4-4D8F-8D40-0E259C97A5AF}.Debug|x86.Build.0 = Debug|Any CPU
		{0B833398-AEE4-4D8F-8D40-0E259C97A5AF}.Release|Any CPU.ActiveCfg = Release|Any CPU
		{0B833398-AEE4-4D8F-8D40-0E259C97A5AF}.Release|Any CPU.Build.0 = Release|Any CPU
		{0B833398-AEE4-4D8F-8D40-0E259C97A5AF}.Release|ARM.ActiveCfg = Release|Any CPU
		{0B833398-AEE4-4D8F-8D40-0E259C97A5AF}.Release|ARM.Build.0 = Release|Any CPU
		{0B833398-AEE4-4D8F-8D40-0E259C97A5AF}.Release|x64.ActiveCfg = Release|Any CPU
		{0B833398-AEE4-4D8F-8D40-0E259C97A5AF}.Release|x64.Build.0 = Release|Any CPU
		{0B833398-AEE4-4D8F-8D40-0E259C97A5AF}.Release|x86.ActiveCfg = Release|Any CPU
		{0B833398-AEE4-4D8F-8D40-0E259C97A5AF}.Release|x86.Build.0 = Release|Any CPU
		{9820486A-1746-4282-B0AA-69C7A0481E9B}.Debug|Any CPU.ActiveCfg = Debug|Any CPU
		{9820486A-1746-4282-B0AA-69C7A0481E9B}.Debug|Any CPU.Build.0 = Debug|Any CPU
		{9820486A-1746-4282-B0AA-69C7A0481E9B}.Debug|ARM.ActiveCfg = Debug|Any CPU
		{9820486A-1746-4282-B0AA-69C7A0481E9B}.Debug|ARM.Build.0 = Debug|Any CPU
		{9820486A-1746-4282-B0AA-69C7A0481E9B}.Debug|x64.ActiveCfg = Debug|Any CPU
		{9820486A-1746-4282-B0AA-69C7A0481E9B}.Debug|x64.Build.0 = Debug|Any CPU
		{9820486A-1746-4282-B0AA-69C7A0481E9B}.Debug|x86.ActiveCfg = Debug|Any CPU
		{9820486A-1746-4282-B0AA-69C7A0481E9B}.Debug|x86.Build.0 = Debug|Any CPU
		{9820486A-1746-4282-B0AA-69C7A0481E9B}.Release|Any CPU.ActiveCfg = Release|Any CPU
		{9820486A-1746-4282-B0AA-69C7A0481E9B}.Release|Any CPU.Build.0 = Release|Any CPU
		{9820486A-1746-4282-B0AA-69C7A0481E9B}.Release|ARM.ActiveCfg = Release|Any CPU
		{9820486A-1746-4282-B0AA-69C7A0481E9B}.Release|ARM.Build.0 = Release|Any CPU
		{9820486A-1746-4282-B0AA-69C7A0481E9B}.Release|x64.ActiveCfg = Release|Any CPU
		{9820486A-1746-4282-B0AA-69C7A0481E9B}.Release|x64.Build.0 = Release|Any CPU
		{9820486A-1746-4282-B0AA-69C7A0481E9B}.Release|x86.ActiveCfg = Release|Any CPU
		{9820486A-1746-4282-B0AA-69C7A0481E9B}.Release|x86.Build.0 = Release|Any CPU
		{1640B7BD-FAED-4781-B24D-BF69E7AFB28E}.Debug|Any CPU.ActiveCfg = Debug|Any CPU
		{1640B7BD-FAED-4781-B24D-BF69E7AFB28E}.Debug|Any CPU.Build.0 = Debug|Any CPU
		{1640B7BD-FAED-4781-B24D-BF69E7AFB28E}.Debug|ARM.ActiveCfg = Debug|Any CPU
		{1640B7BD-FAED-4781-B24D-BF69E7AFB28E}.Debug|ARM.Build.0 = Debug|Any CPU
		{1640B7BD-FAED-4781-B24D-BF69E7AFB28E}.Debug|x64.ActiveCfg = Debug|Any CPU
		{1640B7BD-FAED-4781-B24D-BF69E7AFB28E}.Debug|x64.Build.0 = Debug|Any CPU
		{1640B7BD-FAED-4781-B24D-BF69E7AFB28E}.Debug|x86.ActiveCfg = Debug|Any CPU
		{1640B7BD-FAED-4781-B24D-BF69E7AFB28E}.Debug|x86.Build.0 = Debug|Any CPU
		{1640B7BD-FAED-4781-B24D-BF69E7AFB28E}.Release|Any CPU.ActiveCfg = Release|Any CPU
		{1640B7BD-FAED-4781-B24D-BF69E7AFB28E}.Release|Any CPU.Build.0 = Release|Any CPU
		{1640B7BD-FAED-4781-B24D-BF69E7AFB28E}.Release|ARM.ActiveCfg = Release|Any CPU
		{1640B7BD-FAED-4781-B24D-BF69E7AFB28E}.Release|ARM.Build.0 = Release|Any CPU
		{1640B7BD-FAED-4781-B24D-BF69E7AFB28E}.Release|x64.ActiveCfg = Release|Any CPU
		{1640B7BD-FAED-4781-B24D-BF69E7AFB28E}.Release|x64.Build.0 = Release|Any CPU
		{1640B7BD-FAED-4781-B24D-BF69E7AFB28E}.Release|x86.ActiveCfg = Release|Any CPU
		{1640B7BD-FAED-4781-B24D-BF69E7AFB28E}.Release|x86.Build.0 = Release|Any CPU
		{EE1FA002-A99C-46F4-8A0A-21367104F1BF}.Debug|Any CPU.ActiveCfg = Debug|Any CPU
		{EE1FA002-A99C-46F4-8A0A-21367104F1BF}.Debug|Any CPU.Build.0 = Debug|Any CPU
		{EE1FA002-A99C-46F4-8A0A-21367104F1BF}.Debug|ARM.ActiveCfg = Debug|Any CPU
		{EE1FA002-A99C-46F4-8A0A-21367104F1BF}.Debug|ARM.Build.0 = Debug|Any CPU
		{EE1FA002-A99C-46F4-8A0A-21367104F1BF}.Debug|x64.ActiveCfg = Debug|Any CPU
		{EE1FA002-A99C-46F4-8A0A-21367104F1BF}.Debug|x64.Build.0 = Debug|Any CPU
		{EE1FA002-A99C-46F4-8A0A-21367104F1BF}.Debug|x86.ActiveCfg = Debug|Any CPU
		{EE1FA002-A99C-46F4-8A0A-21367104F1BF}.Debug|x86.Build.0 = Debug|Any CPU
		{EE1FA002-A99C-46F4-8A0A-21367104F1BF}.Release|Any CPU.ActiveCfg = Release|Any CPU
		{EE1FA002-A99C-46F4-8A0A-21367104F1BF}.Release|Any CPU.Build.0 = Release|Any CPU
		{EE1FA002-A99C-46F4-8A0A-21367104F1BF}.Release|ARM.ActiveCfg = Release|Any CPU
		{EE1FA002-A99C-46F4-8A0A-21367104F1BF}.Release|ARM.Build.0 = Release|Any CPU
		{EE1FA002-A99C-46F4-8A0A-21367104F1BF}.Release|x64.ActiveCfg = Release|Any CPU
		{EE1FA002-A99C-46F4-8A0A-21367104F1BF}.Release|x64.Build.0 = Release|Any CPU
		{EE1FA002-A99C-46F4-8A0A-21367104F1BF}.Release|x86.ActiveCfg = Release|Any CPU
		{EE1FA002-A99C-46F4-8A0A-21367104F1BF}.Release|x86.Build.0 = Release|Any CPU
		{A66D81BD-6E86-4FB5-A185-CEA16C26AEC1}.Debug|Any CPU.ActiveCfg = Debug|Any CPU
		{A66D81BD-6E86-4FB5-A185-CEA16C26AEC1}.Debug|Any CPU.Build.0 = Debug|Any CPU
		{A66D81BD-6E86-4FB5-A185-CEA16C26AEC1}.Debug|ARM.ActiveCfg = Debug|Any CPU
		{A66D81BD-6E86-4FB5-A185-CEA16C26AEC1}.Debug|ARM.Build.0 = Debug|Any CPU
		{A66D81BD-6E86-4FB5-A185-CEA16C26AEC1}.Debug|x64.ActiveCfg = Debug|Any CPU
		{A66D81BD-6E86-4FB5-A185-CEA16C26AEC1}.Debug|x64.Build.0 = Debug|Any CPU
		{A66D81BD-6E86-4FB5-A185-CEA16C26AEC1}.Debug|x86.ActiveCfg = Debug|Any CPU
		{A66D81BD-6E86-4FB5-A185-CEA16C26AEC1}.Debug|x86.Build.0 = Debug|Any CPU
		{A66D81BD-6E86-4FB5-A185-CEA16C26AEC1}.Release|Any CPU.ActiveCfg = Release|Any CPU
		{A66D81BD-6E86-4FB5-A185-CEA16C26AEC1}.Release|Any CPU.Build.0 = Release|Any CPU
		{A66D81BD-6E86-4FB5-A185-CEA16C26AEC1}.Release|ARM.ActiveCfg = Release|Any CPU
		{A66D81BD-6E86-4FB5-A185-CEA16C26AEC1}.Release|ARM.Build.0 = Release|Any CPU
		{A66D81BD-6E86-4FB5-A185-CEA16C26AEC1}.Release|x64.ActiveCfg = Release|Any CPU
		{A66D81BD-6E86-4FB5-A185-CEA16C26AEC1}.Release|x64.Build.0 = Release|Any CPU
		{A66D81BD-6E86-4FB5-A185-CEA16C26AEC1}.Release|x86.ActiveCfg = Release|Any CPU
		{A66D81BD-6E86-4FB5-A185-CEA16C26AEC1}.Release|x86.Build.0 = Release|Any CPU
		{650E02AA-960F-4082-972F-DB1CC7209A3F}.Debug|Any CPU.ActiveCfg = Debug|Any CPU
		{650E02AA-960F-4082-972F-DB1CC7209A3F}.Debug|Any CPU.Build.0 = Debug|Any CPU
		{650E02AA-960F-4082-972F-DB1CC7209A3F}.Debug|ARM.ActiveCfg = Debug|Any CPU
		{650E02AA-960F-4082-972F-DB1CC7209A3F}.Debug|ARM.Build.0 = Debug|Any CPU
		{650E02AA-960F-4082-972F-DB1CC7209A3F}.Debug|x64.ActiveCfg = Debug|Any CPU
		{650E02AA-960F-4082-972F-DB1CC7209A3F}.Debug|x64.Build.0 = Debug|Any CPU
		{650E02AA-960F-4082-972F-DB1CC7209A3F}.Debug|x86.ActiveCfg = Debug|Any CPU
		{650E02AA-960F-4082-972F-DB1CC7209A3F}.Debug|x86.Build.0 = Debug|Any CPU
		{650E02AA-960F-4082-972F-DB1CC7209A3F}.Release|Any CPU.ActiveCfg = Release|Any CPU
		{650E02AA-960F-4082-972F-DB1CC7209A3F}.Release|Any CPU.Build.0 = Release|Any CPU
		{650E02AA-960F-4082-972F-DB1CC7209A3F}.Release|ARM.ActiveCfg = Release|Any CPU
		{650E02AA-960F-4082-972F-DB1CC7209A3F}.Release|ARM.Build.0 = Release|Any CPU
		{650E02AA-960F-4082-972F-DB1CC7209A3F}.Release|x64.ActiveCfg = Release|Any CPU
		{650E02AA-960F-4082-972F-DB1CC7209A3F}.Release|x64.Build.0 = Release|Any CPU
		{650E02AA-960F-4082-972F-DB1CC7209A3F}.Release|x86.ActiveCfg = Release|Any CPU
		{650E02AA-960F-4082-972F-DB1CC7209A3F}.Release|x86.Build.0 = Release|Any CPU
		{FE4714D8-4A1E-4EA6-B461-C40EDBC12A60}.Debug|Any CPU.ActiveCfg = Debug|Any CPU
		{FE4714D8-4A1E-4EA6-B461-C40EDBC12A60}.Debug|Any CPU.Build.0 = Debug|Any CPU
		{FE4714D8-4A1E-4EA6-B461-C40EDBC12A60}.Debug|ARM.ActiveCfg = Debug|Any CPU
		{FE4714D8-4A1E-4EA6-B461-C40EDBC12A60}.Debug|ARM.Build.0 = Debug|Any CPU
		{FE4714D8-4A1E-4EA6-B461-C40EDBC12A60}.Debug|x64.ActiveCfg = Debug|Any CPU
		{FE4714D8-4A1E-4EA6-B461-C40EDBC12A60}.Debug|x64.Build.0 = Debug|Any CPU
		{FE4714D8-4A1E-4EA6-B461-C40EDBC12A60}.Debug|x86.ActiveCfg = Debug|Any CPU
		{FE4714D8-4A1E-4EA6-B461-C40EDBC12A60}.Debug|x86.Build.0 = Debug|Any CPU
		{FE4714D8-4A1E-4EA6-B461-C40EDBC12A60}.Release|Any CPU.ActiveCfg = Release|Any CPU
		{FE4714D8-4A1E-4EA6-B461-C40EDBC12A60}.Release|Any CPU.Build.0 = Release|Any CPU
		{FE4714D8-4A1E-4EA6-B461-C40EDBC12A60}.Release|ARM.ActiveCfg = Release|Any CPU
		{FE4714D8-4A1E-4EA6-B461-C40EDBC12A60}.Release|ARM.Build.0 = Release|Any CPU
		{FE4714D8-4A1E-4EA6-B461-C40EDBC12A60}.Release|x64.ActiveCfg = Release|Any CPU
		{FE4714D8-4A1E-4EA6-B461-C40EDBC12A60}.Release|x64.Build.0 = Release|Any CPU
		{FE4714D8-4A1E-4EA6-B461-C40EDBC12A60}.Release|x86.ActiveCfg = Release|Any CPU
		{FE4714D8-4A1E-4EA6-B461-C40EDBC12A60}.Release|x86.Build.0 = Release|Any CPU
	EndGlobalSection
	GlobalSection(SolutionProperties) = preSolution
		HideSolutionNode = FALSE
	EndGlobalSection
	GlobalSection(NestedProjects) = preSolution
		{87F99EDC-3500-4710-8AE7-3ADE9F4AAC8B} = {4020C2D3-429B-4C64-A0CB-D830DCAB2FCB}
		{EF9F60DB-C87B-448B-A6BD-ACB13DF51C94} = {8D9B8E75-4022-469F-BC09-B7A47E8DBA70}
		{8FC658E5-3ACD-4297-907A-BEAFC031865B} = {8D9B8E75-4022-469F-BC09-B7A47E8DBA70}
		{F7E89E24-85A4-4B72-B726-AF623A039E3D} = {4020C2D3-429B-4C64-A0CB-D830DCAB2FCB}
		{9FB1A920-4022-45A2-80DC-3C0A42A2C4AB} = {4020C2D3-429B-4C64-A0CB-D830DCAB2FCB}
		{1B2EC639-365C-4AA1-8151-DED87A8B6113} = {4020C2D3-429B-4C64-A0CB-D830DCAB2FCB}
		{719BFD04-640F-4044-BDDF-A6D7C1A17F46} = {4020C2D3-429B-4C64-A0CB-D830DCAB2FCB}
		{35FA1912-11FA-4BA3-93AD-99382EA08C1A} = {2680E284-6575-4497-BE0D-24780F67D772}
		{34257B4D-DD6F-451F-B137-E869F800A552} = {2680E284-6575-4497-BE0D-24780F67D772}
		{0B833398-AEE4-4D8F-8D40-0E259C97A5AF} = {8D9B8E75-4022-469F-BC09-B7A47E8DBA70}
		{9820486A-1746-4282-B0AA-69C7A0481E9B} = {8D9B8E75-4022-469F-BC09-B7A47E8DBA70}
		{1640B7BD-FAED-4781-B24D-BF69E7AFB28E} = {8D9B8E75-4022-469F-BC09-B7A47E8DBA70}
		{EE1FA002-A99C-46F4-8A0A-21367104F1BF} = {8D9B8E75-4022-469F-BC09-B7A47E8DBA70}
		{A66D81BD-6E86-4FB5-A185-CEA16C26AEC1} = {2680E284-6575-4497-BE0D-24780F67D772}
		{650E02AA-960F-4082-972F-DB1CC7209A3F} = {8D9B8E75-4022-469F-BC09-B7A47E8DBA70}
		{FE4714D8-4A1E-4EA6-B461-C40EDBC12A60} = {8D9B8E75-4022-469F-BC09-B7A47E8DBA70}
	EndGlobalSection
	GlobalSection(ExtensibilityGlobals) = postSolution
		SolutionGuid = {235788DA-BB0A-4980-B70A-8DF3CC671806}
	EndGlobalSection
EndGlobal
